
Microsoft Visual Studio Solution File, Format Version 12.00
# Visual Studio 15
VisualStudioVersion = 15.0.27130.2036
MinimumVisualStudioVersion = 10.0.40219.1
Project("{FAE04EC0-301F-11D3-BF4B-00C04F79EFBC}") = "Agate.Android", "Agate\Agate.Android\Agate.Android.csproj", "{B331B127-0761-470B-A179-EA30E6A86D01}"
EndProject
Project("{FAE04EC0-301F-11D3-BF4B-00C04F79EFBC}") = "Agate.iOS", "Agate\Agate.iOS\Agate.iOS.csproj", "{98DB9E29-B9B3-4843-8213-128BC954E788}"
EndProject
Project("{9A19103F-16F7-4668-BE54-9A1E7A4F7556}") = "Agate", "Agate\Agate\Agate.csproj", "{2196D269-5F7F-41BA-9171-1CCC34875663}"
EndProject
Project("{FAE04EC0-301F-11D3-BF4B-00C04F79EFBC}") = "AgateTests", "AgateTests\AgateTests.csproj", "{A9D9E18B-3D5F-45D8-A265-363D3E1872A2}"
EndProject
Project("{9A19103F-16F7-4668-BE54-9A1E7A4F7556}") = "Agate.Contracts", "Agate.Contracts\Agate.Contracts.csproj", "{722DAE08-CA9C-4E1E-83FE-FC53D808589F}"
EndProject
Project("{9A19103F-16F7-4668-BE54-9A1E7A4F7556}") = "Triplezerooo", "Triplezerooo\Triplezerooo.csproj", "{5275F902-EDE5-4D31-A25F-8E2554725DEE}"
EndProject
Project("{9A19103F-16F7-4668-BE54-9A1E7A4F7556}") = "Triplezerooo.XMVVM", "Triplezerooo.XMVVM\Triplezerooo.XMVVM.csproj", "{A34F97F4-2988-4F6D-9A45-191DD9F89F5F}"
EndProject
Project("{9A19103F-16F7-4668-BE54-9A1E7A4F7556}") = "Triplezerooo.XForms", "Triplezerooo.XForms\Triplezerooo.XForms.csproj", "{BBBB66F1-9600-4D0F-93B6-7B43230B510A}"
EndProject
Project("{9A19103F-16F7-4668-BE54-9A1E7A4F7556}") = "Agate.Business", "Agate.Business\Agate.Business.csproj", "{9C39F1D5-79B8-4D8F-B53E-FC402699ED5C}"
EndProject
Project("{FAE04EC0-301F-11D3-BF4B-00C04F79EFBC}") = "Agate.Business.Tests", "Agate.Business.Tests\Agate.Business.Tests.csproj", "{7943A696-855D-4C2E-9B5B-384036DCB4DC}"
EndProject
Project("{FAE04EC0-301F-11D3-BF4B-00C04F79EFBC}") = "AgateMerchant.Android", "Agate\AgateMerchant.Android\AgateMerchant.Android.csproj", "{52A1016A-1ABF-47AF-87D4-0F2312A1A2B5}"
EndProject
Global
	GlobalSection(SolutionConfigurationPlatforms) = preSolution
		Ad-Hoc|Any CPU = Ad-Hoc|Any CPU
		Ad-Hoc|iPhone = Ad-Hoc|iPhone
		Ad-Hoc|iPhoneSimulator = Ad-Hoc|iPhoneSimulator
		AppStore|Any CPU = AppStore|Any CPU
		AppStore|iPhone = AppStore|iPhone
		AppStore|iPhoneSimulator = AppStore|iPhoneSimulator
		Debug|Any CPU = Debug|Any CPU
		Debug|iPhone = Debug|iPhone
		Debug|iPhoneSimulator = Debug|iPhoneSimulator
		Release|Any CPU = Release|Any CPU
		Release|iPhone = Release|iPhone
		Release|iPhoneSimulator = Release|iPhoneSimulator
	EndGlobalSection
	GlobalSection(ProjectConfigurationPlatforms) = postSolution
		{B331B127-0761-470B-A179-EA30E6A86D01}.Ad-Hoc|Any CPU.ActiveCfg = Release|Any CPU
		{B331B127-0761-470B-A179-EA30E6A86D01}.Ad-Hoc|Any CPU.Build.0 = Release|Any CPU
		{B331B127-0761-470B-A179-EA30E6A86D01}.Ad-Hoc|Any CPU.Deploy.0 = Release|Any CPU
		{B331B127-0761-470B-A179-EA30E6A86D01}.Ad-Hoc|iPhone.ActiveCfg = Release|Any CPU
		{B331B127-0761-470B-A179-EA30E6A86D01}.Ad-Hoc|iPhone.Build.0 = Release|Any CPU
		{B331B127-0761-470B-A179-EA30E6A86D01}.Ad-Hoc|iPhone.Deploy.0 = Release|Any CPU
		{B331B127-0761-470B-A179-EA30E6A86D01}.Ad-Hoc|iPhoneSimulator.ActiveCfg = Release|Any CPU
		{B331B127-0761-470B-A179-EA30E6A86D01}.Ad-Hoc|iPhoneSimulator.Build.0 = Release|Any CPU
		{B331B127-0761-470B-A179-EA30E6A86D01}.Ad-Hoc|iPhoneSimulator.Deploy.0 = Release|Any CPU
		{B331B127-0761-470B-A179-EA30E6A86D01}.AppStore|Any CPU.ActiveCfg = Release|Any CPU
		{B331B127-0761-470B-A179-EA30E6A86D01}.AppStore|Any CPU.Build.0 = Release|Any CPU
		{B331B127-0761-470B-A179-EA30E6A86D01}.AppStore|Any CPU.Deploy.0 = Release|Any CPU
		{B331B127-0761-470B-A179-EA30E6A86D01}.AppStore|iPhone.ActiveCfg = Release|Any CPU
		{B331B127-0761-470B-A179-EA30E6A86D01}.AppStore|iPhone.Build.0 = Release|Any CPU
		{B331B127-0761-470B-A179-EA30E6A86D01}.AppStore|iPhone.Deploy.0 = Release|Any CPU
		{B331B127-0761-470B-A179-EA30E6A86D01}.AppStore|iPhoneSimulator.ActiveCfg = Release|Any CPU
		{B331B127-0761-470B-A179-EA30E6A86D01}.AppStore|iPhoneSimulator.Build.0 = Release|Any CPU
		{B331B127-0761-470B-A179-EA30E6A86D01}.AppStore|iPhoneSimulator.Deploy.0 = Release|Any CPU
		{B331B127-0761-470B-A179-EA30E6A86D01}.Debug|Any CPU.ActiveCfg = Debug|Any CPU
		{B331B127-0761-470B-A179-EA30E6A86D01}.Debug|Any CPU.Build.0 = Debug|Any CPU
		{B331B127-0761-470B-A179-EA30E6A86D01}.Debug|Any CPU.Deploy.0 = Debug|Any CPU
		{B331B127-0761-470B-A179-EA30E6A86D01}.Debug|iPhone.ActiveCfg = Debug|Any CPU
		{B331B127-0761-470B-A179-EA30E6A86D01}.Debug|iPhone.Build.0 = Debug|Any CPU
		{B331B127-0761-470B-A179-EA30E6A86D01}.Debug|iPhone.Deploy.0 = Debug|Any CPU
		{B331B127-0761-470B-A179-EA30E6A86D01}.Debug|iPhoneSimulator.ActiveCfg = Debug|Any CPU
		{B331B127-0761-470B-A179-EA30E6A86D01}.Debug|iPhoneSimulator.Build.0 = Debug|Any CPU
		{B331B127-0761-470B-A179-EA30E6A86D01}.Debug|iPhoneSimulator.Deploy.0 = Debug|Any CPU
		{B331B127-0761-470B-A179-EA30E6A86D01}.Release|Any CPU.ActiveCfg = Release|Any CPU
		{B331B127-0761-470B-A179-EA30E6A86D01}.Release|Any CPU.Build.0 = Release|Any CPU
		{B331B127-0761-470B-A179-EA30E6A86D01}.Release|Any CPU.Deploy.0 = Release|Any CPU
		{B331B127-0761-470B-A179-EA30E6A86D01}.Release|iPhone.ActiveCfg = Release|Any CPU
		{B331B127-0761-470B-A179-EA30E6A86D01}.Release|iPhone.Build.0 = Release|Any CPU
		{B331B127-0761-470B-A179-EA30E6A86D01}.Release|iPhone.Deploy.0 = Release|Any CPU
		{B331B127-0761-470B-A179-EA30E6A86D01}.Release|iPhoneSimulator.ActiveCfg = Release|Any CPU
		{B331B127-0761-470B-A179-EA30E6A86D01}.Release|iPhoneSimulator.Build.0 = Release|Any CPU
		{B331B127-0761-470B-A179-EA30E6A86D01}.Release|iPhoneSimulator.Deploy.0 = Release|Any CPU
		{98DB9E29-B9B3-4843-8213-128BC954E788}.Ad-Hoc|Any CPU.ActiveCfg = Ad-Hoc|iPhone
		{98DB9E29-B9B3-4843-8213-128BC954E788}.Ad-Hoc|iPhone.ActiveCfg = Ad-Hoc|iPhone
		{98DB9E29-B9B3-4843-8213-128BC954E788}.Ad-Hoc|iPhone.Build.0 = Ad-Hoc|iPhone
		{98DB9E29-B9B3-4843-8213-128BC954E788}.Ad-Hoc|iPhoneSimulator.ActiveCfg = Ad-Hoc|iPhoneSimulator
		{98DB9E29-B9B3-4843-8213-128BC954E788}.Ad-Hoc|iPhoneSimulator.Build.0 = Ad-Hoc|iPhoneSimulator
		{98DB9E29-B9B3-4843-8213-128BC954E788}.AppStore|Any CPU.ActiveCfg = AppStore|iPhone
		{98DB9E29-B9B3-4843-8213-128BC954E788}.AppStore|iPhone.ActiveCfg = AppStore|iPhone
		{98DB9E29-B9B3-4843-8213-128BC954E788}.AppStore|iPhone.Build.0 = AppStore|iPhone
		{98DB9E29-B9B3-4843-8213-128BC954E788}.AppStore|iPhoneSimulator.ActiveCfg = AppStore|iPhoneSimulator
		{98DB9E29-B9B3-4843-8213-128BC954E788}.AppStore|iPhoneSimulator.Build.0 = AppStore|iPhoneSimulator
		{98DB9E29-B9B3-4843-8213-128BC954E788}.Debug|Any CPU.ActiveCfg = Debug|iPhone
		{98DB9E29-B9B3-4843-8213-128BC954E788}.Debug|iPhone.ActiveCfg = Debug|iPhone
		{98DB9E29-B9B3-4843-8213-128BC954E788}.Debug|iPhone.Build.0 = Debug|iPhone
		{98DB9E29-B9B3-4843-8213-128BC954E788}.Debug|iPhoneSimulator.ActiveCfg = Debug|iPhoneSimulator
		{98DB9E29-B9B3-4843-8213-128BC954E788}.Debug|iPhoneSimulator.Build.0 = Debug|iPhoneSimulator
		{98DB9E29-B9B3-4843-8213-128BC954E788}.Release|Any CPU.ActiveCfg = Release|iPhone
		{98DB9E29-B9B3-4843-8213-128BC954E788}.Release|iPhone.ActiveCfg = Release|iPhone
		{98DB9E29-B9B3-4843-8213-128BC954E788}.Release|iPhone.Build.0 = Release|iPhone
		{98DB9E29-B9B3-4843-8213-128BC954E788}.Release|iPhoneSimulator.ActiveCfg = Release|iPhoneSimulator
		{98DB9E29-B9B3-4843-8213-128BC954E788}.Release|iPhoneSimulator.Build.0 = Release|iPhoneSimulator
		{2196D269-5F7F-41BA-9171-1CCC34875663}.Ad-Hoc|Any CPU.ActiveCfg = Debug|Any CPU
		{2196D269-5F7F-41BA-9171-1CCC34875663}.Ad-Hoc|Any CPU.Build.0 = Debug|Any CPU
		{2196D269-5F7F-41BA-9171-1CCC34875663}.Ad-Hoc|iPhone.ActiveCfg = Debug|Any CPU
		{2196D269-5F7F-41BA-9171-1CCC34875663}.Ad-Hoc|iPhone.Build.0 = Debug|Any CPU
		{2196D269-5F7F-41BA-9171-1CCC34875663}.Ad-Hoc|iPhoneSimulator.ActiveCfg = Debug|Any CPU
		{2196D269-5F7F-41BA-9171-1CCC34875663}.Ad-Hoc|iPhoneSimulator.Build.0 = Debug|Any CPU
		{2196D269-5F7F-41BA-9171-1CCC34875663}.AppStore|Any CPU.ActiveCfg = Debug|Any CPU
		{2196D269-5F7F-41BA-9171-1CCC34875663}.AppStore|Any CPU.Build.0 = Debug|Any CPU
		{2196D269-5F7F-41BA-9171-1CCC34875663}.AppStore|iPhone.ActiveCfg = Debug|Any CPU
		{2196D269-5F7F-41BA-9171-1CCC34875663}.AppStore|iPhone.Build.0 = Debug|Any CPU
		{2196D269-5F7F-41BA-9171-1CCC34875663}.AppStore|iPhoneSimulator.ActiveCfg = Debug|Any CPU
		{2196D269-5F7F-41BA-9171-1CCC34875663}.AppStore|iPhoneSimulator.Build.0 = Debug|Any CPU
		{2196D269-5F7F-41BA-9171-1CCC34875663}.Debug|Any CPU.ActiveCfg = Debug|Any CPU
		{2196D269-5F7F-41BA-9171-1CCC34875663}.Debug|Any CPU.Build.0 = Debug|Any CPU
		{2196D269-5F7F-41BA-9171-1CCC34875663}.Debug|iPhone.ActiveCfg = Debug|Any CPU
		{2196D269-5F7F-41BA-9171-1CCC34875663}.Debug|iPhone.Build.0 = Debug|Any CPU
		{2196D269-5F7F-41BA-9171-1CCC34875663}.Debug|iPhoneSimulator.ActiveCfg = Debug|Any CPU
		{2196D269-5F7F-41BA-9171-1CCC34875663}.Debug|iPhoneSimulator.Build.0 = Debug|Any CPU
		{2196D269-5F7F-41BA-9171-1CCC34875663}.Release|Any CPU.ActiveCfg = Release|Any CPU
		{2196D269-5F7F-41BA-9171-1CCC34875663}.Release|Any CPU.Build.0 = Release|Any CPU
		{2196D269-5F7F-41BA-9171-1CCC34875663}.Release|iPhone.ActiveCfg = Release|Any CPU
		{2196D269-5F7F-41BA-9171-1CCC34875663}.Release|iPhone.Build.0 = Release|Any CPU
		{2196D269-5F7F-41BA-9171-1CCC34875663}.Release|iPhoneSimulator.ActiveCfg = Release|Any CPU
		{2196D269-5F7F-41BA-9171-1CCC34875663}.Release|iPhoneSimulator.Build.0 = Release|Any CPU
		{A9D9E18B-3D5F-45D8-A265-363D3E1872A2}.Ad-Hoc|Any CPU.ActiveCfg = Release|Any CPU
		{A9D9E18B-3D5F-45D8-A265-363D3E1872A2}.Ad-Hoc|Any CPU.Build.0 = Release|Any CPU
		{A9D9E18B-3D5F-45D8-A265-363D3E1872A2}.Ad-Hoc|iPhone.ActiveCfg = Release|Any CPU
		{A9D9E18B-3D5F-45D8-A265-363D3E1872A2}.Ad-Hoc|iPhone.Build.0 = Release|Any CPU
		{A9D9E18B-3D5F-45D8-A265-363D3E1872A2}.Ad-Hoc|iPhoneSimulator.ActiveCfg = Release|Any CPU
		{A9D9E18B-3D5F-45D8-A265-363D3E1872A2}.Ad-Hoc|iPhoneSimulator.Build.0 = Release|Any CPU
		{A9D9E18B-3D5F-45D8-A265-363D3E1872A2}.AppStore|Any CPU.ActiveCfg = Release|Any CPU
		{A9D9E18B-3D5F-45D8-A265-363D3E1872A2}.AppStore|Any CPU.Build.0 = Release|Any CPU
		{A9D9E18B-3D5F-45D8-A265-363D3E1872A2}.AppStore|iPhone.ActiveCfg = Release|Any CPU
		{A9D9E18B-3D5F-45D8-A265-363D3E1872A2}.AppStore|iPhone.Build.0 = Release|Any CPU
		{A9D9E18B-3D5F-45D8-A265-363D3E1872A2}.AppStore|iPhoneSimulator.ActiveCfg = Release|Any CPU
		{A9D9E18B-3D5F-45D8-A265-363D3E1872A2}.AppStore|iPhoneSimulator.Build.0 = Release|Any CPU
		{A9D9E18B-3D5F-45D8-A265-363D3E1872A2}.Debug|Any CPU.ActiveCfg = Debug|Any CPU
		{A9D9E18B-3D5F-45D8-A265-363D3E1872A2}.Debug|Any CPU.Build.0 = Debug|Any CPU
		{A9D9E18B-3D5F-45D8-A265-363D3E1872A2}.Debug|iPhone.ActiveCfg = Debug|Any CPU
		{A9D9E18B-3D5F-45D8-A265-363D3E1872A2}.Debug|iPhone.Build.0 = Debug|Any CPU
		{A9D9E18B-3D5F-45D8-A265-363D3E1872A2}.Debug|iPhoneSimulator.ActiveCfg = Debug|Any CPU
		{A9D9E18B-3D5F-45D8-A265-363D3E1872A2}.Debug|iPhoneSimulator.Build.0 = Debug|Any CPU
		{A9D9E18B-3D5F-45D8-A265-363D3E1872A2}.Release|Any CPU.ActiveCfg = Release|Any CPU
		{A9D9E18B-3D5F-45D8-A265-363D3E1872A2}.Release|Any CPU.Build.0 = Release|Any CPU
		{A9D9E18B-3D5F-45D8-A265-363D3E1872A2}.Release|iPhone.ActiveCfg = Release|Any CPU
		{A9D9E18B-3D5F-45D8-A265-363D3E1872A2}.Release|iPhone.Build.0 = Release|Any CPU
		{A9D9E18B-3D5F-45D8-A265-363D3E1872A2}.Release|iPhoneSimulator.ActiveCfg = Release|Any CPU
		{A9D9E18B-3D5F-45D8-A265-363D3E1872A2}.Release|iPhoneSimulator.Build.0 = Release|Any CPU
		{722DAE08-CA9C-4E1E-83FE-FC53D808589F}.Ad-Hoc|Any CPU.ActiveCfg = Debug|Any CPU
		{722DAE08-CA9C-4E1E-83FE-FC53D808589F}.Ad-Hoc|Any CPU.Build.0 = Debug|Any CPU
		{722DAE08-CA9C-4E1E-83FE-FC53D808589F}.Ad-Hoc|iPhone.ActiveCfg = Debug|Any CPU
		{722DAE08-CA9C-4E1E-83FE-FC53D808589F}.Ad-Hoc|iPhone.Build.0 = Debug|Any CPU
		{722DAE08-CA9C-4E1E-83FE-FC53D808589F}.Ad-Hoc|iPhoneSimulator.ActiveCfg = Debug|Any CPU
		{722DAE08-CA9C-4E1E-83FE-FC53D808589F}.Ad-Hoc|iPhoneSimulator.Build.0 = Debug|Any CPU
		{722DAE08-CA9C-4E1E-83FE-FC53D808589F}.AppStore|Any CPU.ActiveCfg = Debug|Any CPU
		{722DAE08-CA9C-4E1E-83FE-FC53D808589F}.AppStore|Any CPU.Build.0 = Debug|Any CPU
		{722DAE08-CA9C-4E1E-83FE-FC53D808589F}.AppStore|iPhone.ActiveCfg = Debug|Any CPU
		{722DAE08-CA9C-4E1E-83FE-FC53D808589F}.AppStore|iPhone.Build.0 = Debug|Any CPU
		{722DAE08-CA9C-4E1E-83FE-FC53D808589F}.AppStore|iPhoneSimulator.ActiveCfg = Debug|Any CPU
		{722DAE08-CA9C-4E1E-83FE-FC53D808589F}.AppStore|iPhoneSimulator.Build.0 = Debug|Any CPU
		{722DAE08-CA9C-4E1E-83FE-FC53D808589F}.Debug|Any CPU.ActiveCfg = Debug|Any CPU
		{722DAE08-CA9C-4E1E-83FE-FC53D808589F}.Debug|Any CPU.Build.0 = Debug|Any CPU
		{722DAE08-CA9C-4E1E-83FE-FC53D808589F}.Debug|iPhone.ActiveCfg = Debug|Any CPU
		{722DAE08-CA9C-4E1E-83FE-FC53D808589F}.Debug|iPhone.Build.0 = Debug|Any CPU
		{722DAE08-CA9C-4E1E-83FE-FC53D808589F}.Debug|iPhoneSimulator.ActiveCfg = Debug|Any CPU
		{722DAE08-CA9C-4E1E-83FE-FC53D808589F}.Debug|iPhoneSimulator.Build.0 = Debug|Any CPU
		{722DAE08-CA9C-4E1E-83FE-FC53D808589F}.Release|Any CPU.ActiveCfg = Release|Any CPU
		{722DAE08-CA9C-4E1E-83FE-FC53D808589F}.Release|Any CPU.Build.0 = Release|Any CPU
		{722DAE08-CA9C-4E1E-83FE-FC53D808589F}.Release|iPhone.ActiveCfg = Release|Any CPU
		{722DAE08-CA9C-4E1E-83FE-FC53D808589F}.Release|iPhone.Build.0 = Release|Any CPU
		{722DAE08-CA9C-4E1E-83FE-FC53D808589F}.Release|iPhoneSimulator.ActiveCfg = Release|Any CPU
		{722DAE08-CA9C-4E1E-83FE-FC53D808589F}.Release|iPhoneSimulator.Build.0 = Release|Any CPU
		{5275F902-EDE5-4D31-A25F-8E2554725DEE}.Ad-Hoc|Any CPU.ActiveCfg = Debug|Any CPU
		{5275F902-EDE5-4D31-A25F-8E2554725DEE}.Ad-Hoc|Any CPU.Build.0 = Debug|Any CPU
		{5275F902-EDE5-4D31-A25F-8E2554725DEE}.Ad-Hoc|iPhone.ActiveCfg = Debug|Any CPU
		{5275F902-EDE5-4D31-A25F-8E2554725DEE}.Ad-Hoc|iPhone.Build.0 = Debug|Any CPU
		{5275F902-EDE5-4D31-A25F-8E2554725DEE}.Ad-Hoc|iPhoneSimulator.ActiveCfg = Debug|Any CPU
		{5275F902-EDE5-4D31-A25F-8E2554725DEE}.Ad-Hoc|iPhoneSimulator.Build.0 = Debug|Any CPU
		{5275F902-EDE5-4D31-A25F-8E2554725DEE}.AppStore|Any CPU.ActiveCfg = Debug|Any CPU
		{5275F902-EDE5-4D31-A25F-8E2554725DEE}.AppStore|Any CPU.Build.0 = Debug|Any CPU
		{5275F902-EDE5-4D31-A25F-8E2554725DEE}.AppStore|iPhone.ActiveCfg = Debug|Any CPU
		{5275F902-EDE5-4D31-A25F-8E2554725DEE}.AppStore|iPhone.Build.0 = Debug|Any CPU
		{5275F902-EDE5-4D31-A25F-8E2554725DEE}.AppStore|iPhoneSimulator.ActiveCfg = Debug|Any CPU
		{5275F902-EDE5-4D31-A25F-8E2554725DEE}.AppStore|iPhoneSimulator.Build.0 = Debug|Any CPU
		{5275F902-EDE5-4D31-A25F-8E2554725DEE}.Debug|Any CPU.ActiveCfg = Debug|Any CPU
		{5275F902-EDE5-4D31-A25F-8E2554725DEE}.Debug|Any CPU.Build.0 = Debug|Any CPU
		{5275F902-EDE5-4D31-A25F-8E2554725DEE}.Debug|iPhone.ActiveCfg = Debug|Any CPU
		{5275F902-EDE5-4D31-A25F-8E2554725DEE}.Debug|iPhone.Build.0 = Debug|Any CPU
		{5275F902-EDE5-4D31-A25F-8E2554725DEE}.Debug|iPhoneSimulator.ActiveCfg = Debug|Any CPU
		{5275F902-EDE5-4D31-A25F-8E2554725DEE}.Debug|iPhoneSimulator.Build.0 = Debug|Any CPU
		{5275F902-EDE5-4D31-A25F-8E2554725DEE}.Release|Any CPU.ActiveCfg = Release|Any CPU
		{5275F902-EDE5-4D31-A25F-8E2554725DEE}.Release|Any CPU.Build.0 = Release|Any CPU
		{5275F902-EDE5-4D31-A25F-8E2554725DEE}.Release|iPhone.ActiveCfg = Release|Any CPU
		{5275F902-EDE5-4D31-A25F-8E2554725DEE}.Release|iPhone.Build.0 = Release|Any CPU
		{5275F902-EDE5-4D31-A25F-8E2554725DEE}.Release|iPhoneSimulator.ActiveCfg = Release|Any CPU
		{5275F902-EDE5-4D31-A25F-8E2554725DEE}.Release|iPhoneSimulator.Build.0 = Release|Any CPU
		{A34F97F4-2988-4F6D-9A45-191DD9F89F5F}.Ad-Hoc|Any CPU.ActiveCfg = Debug|Any CPU
		{A34F97F4-2988-4F6D-9A45-191DD9F89F5F}.Ad-Hoc|Any CPU.Build.0 = Debug|Any CPU
		{A34F97F4-2988-4F6D-9A45-191DD9F89F5F}.Ad-Hoc|iPhone.ActiveCfg = Debug|Any CPU
		{A34F97F4-2988-4F6D-9A45-191DD9F89F5F}.Ad-Hoc|iPhone.Build.0 = Debug|Any CPU
		{A34F97F4-2988-4F6D-9A45-191DD9F89F5F}.Ad-Hoc|iPhoneSimulator.ActiveCfg = Debug|Any CPU
		{A34F97F4-2988-4F6D-9A45-191DD9F89F5F}.Ad-Hoc|iPhoneSimulator.Build.0 = Debug|Any CPU
		{A34F97F4-2988-4F6D-9A45-191DD9F89F5F}.AppStore|Any CPU.ActiveCfg = Debug|Any CPU
		{A34F97F4-2988-4F6D-9A45-191DD9F89F5F}.AppStore|Any CPU.Build.0 = Debug|Any CPU
		{A34F97F4-2988-4F6D-9A45-191DD9F89F5F}.AppStore|iPhone.ActiveCfg = Debug|Any CPU
		{A34F97F4-2988-4F6D-9A45-191DD9F89F5F}.AppStore|iPhone.Build.0 = Debug|Any CPU
		{A34F97F4-2988-4F6D-9A45-191DD9F89F5F}.AppStore|iPhoneSimulator.ActiveCfg = Debug|Any CPU
		{A34F97F4-2988-4F6D-9A45-191DD9F89F5F}.AppStore|iPhoneSimulator.Build.0 = Debug|Any CPU
		{A34F97F4-2988-4F6D-9A45-191DD9F89F5F}.Debug|Any CPU.ActiveCfg = Debug|Any CPU
		{A34F97F4-2988-4F6D-9A45-191DD9F89F5F}.Debug|Any CPU.Build.0 = Debug|Any CPU
		{A34F97F4-2988-4F6D-9A45-191DD9F89F5F}.Debug|iPhone.ActiveCfg = Debug|Any CPU
		{A34F97F4-2988-4F6D-9A45-191DD9F89F5F}.Debug|iPhone.Build.0 = Debug|Any CPU
		{A34F97F4-2988-4F6D-9A45-191DD9F89F5F}.Debug|iPhoneSimulator.ActiveCfg = Debug|Any CPU
		{A34F97F4-2988-4F6D-9A45-191DD9F89F5F}.Debug|iPhoneSimulator.Build.0 = Debug|Any CPU
		{A34F97F4-2988-4F6D-9A45-191DD9F89F5F}.Release|Any CPU.ActiveCfg = Release|Any CPU
		{A34F97F4-2988-4F6D-9A45-191DD9F89F5F}.Release|Any CPU.Build.0 = Release|Any CPU
		{A34F97F4-2988-4F6D-9A45-191DD9F89F5F}.Release|iPhone.ActiveCfg = Release|Any CPU
		{A34F97F4-2988-4F6D-9A45-191DD9F89F5F}.Release|iPhone.Build.0 = Release|Any CPU
		{A34F97F4-2988-4F6D-9A45-191DD9F89F5F}.Release|iPhoneSimulator.ActiveCfg = Release|Any CPU
		{A34F97F4-2988-4F6D-9A45-191DD9F89F5F}.Release|iPhoneSimulator.Build.0 = Release|Any CPU
		{BBBB66F1-9600-4D0F-93B6-7B43230B510A}.Ad-Hoc|Any CPU.ActiveCfg = Debug|Any CPU
		{BBBB66F1-9600-4D0F-93B6-7B43230B510A}.Ad-Hoc|Any CPU.Build.0 = Debug|Any CPU
		{BBBB66F1-9600-4D0F-93B6-7B43230B510A}.Ad-Hoc|iPhone.ActiveCfg = Debug|Any CPU
		{BBBB66F1-9600-4D0F-93B6-7B43230B510A}.Ad-Hoc|iPhone.Build.0 = Debug|Any CPU
		{BBBB66F1-9600-4D0F-93B6-7B43230B510A}.Ad-Hoc|iPhoneSimulator.ActiveCfg = Debug|Any CPU
		{BBBB66F1-9600-4D0F-93B6-7B43230B510A}.Ad-Hoc|iPhoneSimulator.Build.0 = Debug|Any CPU
		{BBBB66F1-9600-4D0F-93B6-7B43230B510A}.AppStore|Any CPU.ActiveCfg = Debug|Any CPU
		{BBBB66F1-9600-4D0F-93B6-7B43230B510A}.AppStore|Any CPU.Build.0 = Debug|Any CPU
		{BBBB66F1-9600-4D0F-93B6-7B43230B510A}.AppStore|iPhone.ActiveCfg = Debug|Any CPU
		{BBBB66F1-9600-4D0F-93B6-7B43230B510A}.AppStore|iPhone.Build.0 = Debug|Any CPU
		{BBBB66F1-9600-4D0F-93B6-7B43230B510A}.AppStore|iPhoneSimulator.ActiveCfg = Debug|Any CPU
		{BBBB66F1-9600-4D0F-93B6-7B43230B510A}.AppStore|iPhoneSimulator.Build.0 = Debug|Any CPU
		{BBBB66F1-9600-4D0F-93B6-7B43230B510A}.Debug|Any CPU.ActiveCfg = Debug|Any CPU
		{BBBB66F1-9600-4D0F-93B6-7B43230B510A}.Debug|Any CPU.Build.0 = Debug|Any CPU
		{BBBB66F1-9600-4D0F-93B6-7B43230B510A}.Debug|iPhone.ActiveCfg = Debug|Any CPU
		{BBBB66F1-9600-4D0F-93B6-7B43230B510A}.Debug|iPhone.Build.0 = Debug|Any CPU
		{BBBB66F1-9600-4D0F-93B6-7B43230B510A}.Debug|iPhoneSimulator.ActiveCfg = Debug|Any CPU
		{BBBB66F1-9600-4D0F-93B6-7B43230B510A}.Debug|iPhoneSimulator.Build.0 = Debug|Any CPU
		{BBBB66F1-9600-4D0F-93B6-7B43230B510A}.Release|Any CPU.ActiveCfg = Release|Any CPU
		{BBBB66F1-9600-4D0F-93B6-7B43230B510A}.Release|Any CPU.Build.0 = Release|Any CPU
		{BBBB66F1-9600-4D0F-93B6-7B43230B510A}.Release|iPhone.ActiveCfg = Release|Any CPU
		{BBBB66F1-9600-4D0F-93B6-7B43230B510A}.Release|iPhone.Build.0 = Release|Any CPU
		{BBBB66F1-9600-4D0F-93B6-7B43230B510A}.Release|iPhoneSimulator.ActiveCfg = Release|Any CPU
		{BBBB66F1-9600-4D0F-93B6-7B43230B510A}.Release|iPhoneSimulator.Build.0 = Release|Any CPU
		{9C39F1D5-79B8-4D8F-B53E-FC402699ED5C}.Ad-Hoc|Any CPU.ActiveCfg = Debug|Any CPU
		{9C39F1D5-79B8-4D8F-B53E-FC402699ED5C}.Ad-Hoc|Any CPU.Build.0 = Debug|Any CPU
		{9C39F1D5-79B8-4D8F-B53E-FC402699ED5C}.Ad-Hoc|iPhone.ActiveCfg = Debug|Any CPU
		{9C39F1D5-79B8-4D8F-B53E-FC402699ED5C}.Ad-Hoc|iPhone.Build.0 = Debug|Any CPU
		{9C39F1D5-79B8-4D8F-B53E-FC402699ED5C}.Ad-Hoc|iPhoneSimulator.ActiveCfg = Debug|Any CPU
		{9C39F1D5-79B8-4D8F-B53E-FC402699ED5C}.Ad-Hoc|iPhoneSimulator.Build.0 = Debug|Any CPU
		{9C39F1D5-79B8-4D8F-B53E-FC402699ED5C}.AppStore|Any CPU.ActiveCfg = Debug|Any CPU
		{9C39F1D5-79B8-4D8F-B53E-FC402699ED5C}.AppStore|Any CPU.Build.0 = Debug|Any CPU
		{9C39F1D5-79B8-4D8F-B53E-FC402699ED5C}.AppStore|iPhone.ActiveCfg = Debug|Any CPU
		{9C39F1D5-79B8-4D8F-B53E-FC402699ED5C}.AppStore|iPhone.Build.0 = Debug|Any CPU
		{9C39F1D5-79B8-4D8F-B53E-FC402699ED5C}.AppStore|iPhoneSimulator.ActiveCfg = Debug|Any CPU
		{9C39F1D5-79B8-4D8F-B53E-FC402699ED5C}.AppStore|iPhoneSimulator.Build.0 = Debug|Any CPU
		{9C39F1D5-79B8-4D8F-B53E-FC402699ED5C}.Debug|Any CPU.ActiveCfg = Debug|Any CPU
		{9C39F1D5-79B8-4D8F-B53E-FC402699ED5C}.Debug|Any CPU.Build.0 = Debug|Any CPU
		{9C39F1D5-79B8-4D8F-B53E-FC402699ED5C}.Debug|iPhone.ActiveCfg = Debug|Any CPU
		{9C39F1D5-79B8-4D8F-B53E-FC402699ED5C}.Debug|iPhone.Build.0 = Debug|Any CPU
		{9C39F1D5-79B8-4D8F-B53E-FC402699ED5C}.Debug|iPhoneSimulator.ActiveCfg = Debug|Any CPU
		{9C39F1D5-79B8-4D8F-B53E-FC402699ED5C}.Debug|iPhoneSimulator.Build.0 = Debug|Any CPU
		{9C39F1D5-79B8-4D8F-B53E-FC402699ED5C}.Release|Any CPU.ActiveCfg = Release|Any CPU
		{9C39F1D5-79B8-4D8F-B53E-FC402699ED5C}.Release|Any CPU.Build.0 = Release|Any CPU
		{9C39F1D5-79B8-4D8F-B53E-FC402699ED5C}.Release|iPhone.ActiveCfg = Release|Any CPU
		{9C39F1D5-79B8-4D8F-B53E-FC402699ED5C}.Release|iPhone.Build.0 = Release|Any CPU
		{9C39F1D5-79B8-4D8F-B53E-FC402699ED5C}.Release|iPhoneSimulator.ActiveCfg = Release|Any CPU
		{9C39F1D5-79B8-4D8F-B53E-FC402699ED5C}.Release|iPhoneSimulator.Build.0 = Release|Any CPU
		{7943A696-855D-4C2E-9B5B-384036DCB4DC}.Ad-Hoc|Any CPU.ActiveCfg = Release|Any CPU
		{7943A696-855D-4C2E-9B5B-384036DCB4DC}.Ad-Hoc|Any CPU.Build.0 = Release|Any CPU
		{7943A696-855D-4C2E-9B5B-384036DCB4DC}.Ad-Hoc|iPhone.ActiveCfg = Release|Any CPU
		{7943A696-855D-4C2E-9B5B-384036DCB4DC}.Ad-Hoc|iPhone.Build.0 = Release|Any CPU
		{7943A696-855D-4C2E-9B5B-384036DCB4DC}.Ad-Hoc|iPhoneSimulator.ActiveCfg = Release|Any CPU
		{7943A696-855D-4C2E-9B5B-384036DCB4DC}.Ad-Hoc|iPhoneSimulator.Build.0 = Release|Any CPU
		{7943A696-855D-4C2E-9B5B-384036DCB4DC}.AppStore|Any CPU.ActiveCfg = Release|Any CPU
		{7943A696-855D-4C2E-9B5B-384036DCB4DC}.AppStore|Any CPU.Build.0 = Release|Any CPU
		{7943A696-855D-4C2E-9B5B-384036DCB4DC}.AppStore|iPhone.ActiveCfg = Release|Any CPU
		{7943A696-855D-4C2E-9B5B-384036DCB4DC}.AppStore|iPhone.Build.0 = Release|Any CPU
		{7943A696-855D-4C2E-9B5B-384036DCB4DC}.AppStore|iPhoneSimulator.ActiveCfg = Release|Any CPU
		{7943A696-855D-4C2E-9B5B-384036DCB4DC}.AppStore|iPhoneSimulator.Build.0 = Release|Any CPU
		{7943A696-855D-4C2E-9B5B-384036DCB4DC}.Debug|Any CPU.ActiveCfg = Debug|Any CPU
		{7943A696-855D-4C2E-9B5B-384036DCB4DC}.Debug|Any CPU.Build.0 = Debug|Any CPU
		{7943A696-855D-4C2E-9B5B-384036DCB4DC}.Debug|iPhone.ActiveCfg = Debug|Any CPU
		{7943A696-855D-4C2E-9B5B-384036DCB4DC}.Debug|iPhone.Build.0 = Debug|Any CPU
		{7943A696-855D-4C2E-9B5B-384036DCB4DC}.Debug|iPhoneSimulator.ActiveCfg = Debug|Any CPU
		{7943A696-855D-4C2E-9B5B-384036DCB4DC}.Debug|iPhoneSimulator.Build.0 = Debug|Any CPU
		{7943A696-855D-4C2E-9B5B-384036DCB4DC}.Release|Any CPU.ActiveCfg = Release|Any CPU
		{7943A696-855D-4C2E-9B5B-384036DCB4DC}.Release|Any CPU.Build.0 = Release|Any CPU
		{7943A696-855D-4C2E-9B5B-384036DCB4DC}.Release|iPhone.ActiveCfg = Release|Any CPU
		{7943A696-855D-4C2E-9B5B-384036DCB4DC}.Release|iPhone.Build.0 = Release|Any CPU
		{7943A696-855D-4C2E-9B5B-384036DCB4DC}.Release|iPhoneSimulator.ActiveCfg = Release|Any CPU
		{7943A696-855D-4C2E-9B5B-384036DCB4DC}.Release|iPhoneSimulator.Build.0 = Release|Any CPU
		{52A1016A-1ABF-47AF-87D4-0F2312A1A2B5}.Ad-Hoc|Any CPU.ActiveCfg = Release|Any CPU
		{52A1016A-1ABF-47AF-87D4-0F2312A1A2B5}.Ad-Hoc|Any CPU.Build.0 = Release|Any CPU
		{52A1016A-1ABF-47AF-87D4-0F2312A1A2B5}.Ad-Hoc|Any CPU.Deploy.0 = Release|Any CPU
		{52A1016A-1ABF-47AF-87D4-0F2312A1A2B5}.Ad-Hoc|iPhone.ActiveCfg = Release|Any CPU
		{52A1016A-1ABF-47AF-87D4-0F2312A1A2B5}.Ad-Hoc|iPhone.Build.0 = Release|Any CPU
		{52A1016A-1ABF-47AF-87D4-0F2312A1A2B5}.Ad-Hoc|iPhone.Deploy.0 = Release|Any CPU
		{52A1016A-1ABF-47AF-87D4-0F2312A1A2B5}.Ad-Hoc|iPhoneSimulator.ActiveCfg = Release|Any CPU
		{52A1016A-1ABF-47AF-87D4-0F2312A1A2B5}.Ad-Hoc|iPhoneSimulator.Build.0 = Release|Any CPU
		{52A1016A-1ABF-47AF-87D4-0F2312A1A2B5}.Ad-Hoc|iPhoneSimulator.Deploy.0 = Release|Any CPU
		{52A1016A-1ABF-47AF-87D4-0F2312A1A2B5}.AppStore|Any CPU.ActiveCfg = Release|Any CPU
		{52A1016A-1ABF-47AF-87D4-0F2312A1A2B5}.AppStore|Any CPU.Build.0 = Release|Any CPU
		{52A1016A-1ABF-47AF-87D4-0F2312A1A2B5}.AppStore|Any CPU.Deploy.0 = Release|Any CPU
		{52A1016A-1ABF-47AF-87D4-0F2312A1A2B5}.AppStore|iPhone.ActiveCfg = Release|Any CPU
		{52A1016A-1ABF-47AF-87D4-0F2312A1A2B5}.AppStore|iPhone.Build.0 = Release|Any CPU
		{52A1016A-1ABF-47AF-87D4-0F2312A1A2B5}.AppStore|iPhone.Deploy.0 = Release|Any CPU
		{52A1016A-1ABF-47AF-87D4-0F2312A1A2B5}.AppStore|iPhoneSimulator.ActiveCfg = Release|Any CPU
		{52A1016A-1ABF-47AF-87D4-0F2312A1A2B5}.AppStore|iPhoneSimulator.Build.0 = Release|Any CPU
		{52A1016A-1ABF-47AF-87D4-0F2312A1A2B5}.AppStore|iPhoneSimulator.Deploy.0 = Release|Any CPU
		{52A1016A-1ABF-47AF-87D4-0F2312A1A2B5}.Debug|Any CPU.ActiveCfg = Debug|Any CPU
		{52A1016A-1ABF-47AF-87D4-0F2312A1A2B5}.Debug|Any CPU.Build.0 = Debug|Any CPU
		{52A1016A-1ABF-47AF-87D4-0F2312A1A2B5}.Debug|Any CPU.Deploy.0 = Debug|Any CPU
		{52A1016A-1ABF-47AF-87D4-0F2312A1A2B5}.Debug|iPhone.ActiveCfg = Debug|Any CPU
		{52A1016A-1ABF-47AF-87D4-0F2312A1A2B5}.Debug|iPhone.Build.0 = Debug|Any CPU
		{52A1016A-1ABF-47AF-87D4-0F2312A1A2B5}.Debug|iPhone.Deploy.0 = Debug|Any CPU
		{52A1016A-1ABF-47AF-87D4-0F2312A1A2B5}.Debug|iPhoneSimulator.ActiveCfg = Debug|Any CPU
		{52A1016A-1ABF-47AF-87D4-0F2312A1A2B5}.Debug|iPhoneSimulator.Build.0 = Debug|Any CPU
		{52A1016A-1ABF-47AF-87D4-0F2312A1A2B5}.Debug|iPhoneSimulator.Deploy.0 = Debug|Any CPU
		{52A1016A-1ABF-47AF-87D4-0F2312A1A2B5}.Release|Any CPU.ActiveCfg = Release|Any CPU
		{52A1016A-1ABF-47AF-87D4-0F2312A1A2B5}.Release|Any CPU.Build.0 = Release|Any CPU
		{52A1016A-1ABF-47AF-87D4-0F2312A1A2B5}.Release|Any CPU.Deploy.0 = Release|Any CPU
		{52A1016A-1ABF-47AF-87D4-0F2312A1A2B5}.Release|iPhone.ActiveCfg = Release|Any CPU
		{52A1016A-1ABF-47AF-87D4-0F2312A1A2B5}.Release|iPhone.Build.0 = Release|Any CPU
		{52A1016A-1ABF-47AF-87D4-0F2312A1A2B5}.Release|iPhone.Deploy.0 = Release|Any CPU
		{52A1016A-1ABF-47AF-87D4-0F2312A1A2B5}.Release|iPhoneSimulator.ActiveCfg = Release|Any CPU
		{52A1016A-1ABF-47AF-87D4-0F2312A1A2B5}.Release|iPhoneSimulator.Build.0 = Release|Any CPU
		{52A1016A-1ABF-47AF-87D4-0F2312A1A2B5}.Release|iPhoneSimulator.Deploy.0 = Release|Any CPU
	EndGlobalSection
	GlobalSection(SolutionProperties) = preSolution
		HideSolutionNode = FALSE
	EndGlobalSection
	GlobalSection(ExtensibilityGlobals) = postSolution
		SolutionGuid = {05CFAA4A-A47D-49EA-A012-7363016DA20E}
	EndGlobalSection
EndGlobal
